
Microsoft Visual Studio Solution File, Format Version 12.00
# Visual Studio Version 16
VisualStudioVersion = 16.0.30717.126
MinimumVisualStudioVersion = 10.0.40219.1
Project("{FAE04EC0-301F-11D3-BF4B-00C04F79EFBC}") = "SampleJenkins", "SampleJenkins\SampleJenkins.csproj", "{38956FA5-DEDF-4F4E-8E75-EC7179C94BFD}"
EndProject
Global
	GlobalSection(SolutionConfigurationPlatforms) = preSolution
		Debug|Any CPU = Debug|Any CPU
		Release|Any CPU = Release|Any CPU
	EndGlobalSection
	GlobalSection(ProjectConfigurationPlatforms) = postSolution
		{38956FA5-DEDF-4F4E-8E75-EC7179C94BFD}.Debug|Any CPU.ActiveCfg = Debug|Any CPU
		{38956FA5-DEDF-4F4E-8E75-EC7179C94BFD}.Debug|Any CPU.Build.0 = Debug|Any CPU
		{38956FA5-DEDF-4F4E-8E75-EC7179C94BFD}.Release|Any CPU.ActiveCfg = Release|Any CPU
		{38956FA5-DEDF-4F4E-8E75-EC7179C94BFD}.Release|Any CPU.Build.0 = Release|Any CPU
	EndGlobalSection
	GlobalSection(SolutionProperties) = preSolution
		HideSolutionNode = FALSE
	EndGlobalSection
	GlobalSection(ExtensibilityGlobals) = postSolution
		SolutionGuid = {AD898E05-C788-43F7-8D97-20B64538D941}
	EndGlobalSection
EndGlobal
